{
    "_readme": [
        "This file locks the dependencies of your project to a known state",
        "Read more about it at https://getcomposer.org/doc/01-basic-usage.md#installing-dependencies",
        "This file is @generated automatically"
    ],
    "content-hash": "d009180bad128734befd18733ba5a9e5",
    "packages": [
        {
            "name": "adyen/php-api-library",
            "version": "v15.4.0",
            "source": {
                "type": "git",
                "url": "https://github.com/Adyen/adyen-php-api-library.git",
                "reference": "d79170f7737de03d296975a6c3c518e7882556ba"
            },
            "dist": {
                "type": "zip",
                "url": "https://api.github.com/repos/Adyen/adyen-php-api-library/zipball/d79170f7737de03d296975a6c3c518e7882556ba",
                "reference": "d79170f7737de03d296975a6c3c518e7882556ba",
                "shasum": ""
            },
            "require": {
                "ext-ctype": "*",
                "ext-curl": "*",
                "ext-json": "*",
                "ext-mbstring": "*",
                "ext-openssl": "*",
                "php": ">=7.3"
            },
            "require-dev": {
                "dms/phpunit-arraysubset-asserts": "0.5.0",
                "friendsofphp/php-cs-fixer": "*",
                "php-coveralls/php-coveralls": "2.6.0",
                "phpunit/phpunit": "9.6.12",
                "squizlabs/php_codesniffer": "3.7.2"
            },
            "type": "library",
            "autoload": {
                "psr-4": {
                    "Adyen\\": "src/Adyen/"
                }
            },
            "notification-url": "https://packagist.org/downloads/",
            "license": [
                "MIT"
            ],
            "description": "A PHP client library for accessing Adyen APIs",
            "homepage": "https://github.com/Adyen/adyen-php-api-library",
            "keywords": [
                "adyen"
            ],
            "support": {
                "issues": "https://github.com/Adyen/adyen-php-api-library/issues",
                "source": "https://github.com/Adyen/adyen-php-api-library/tree/v15.4.0"
            },
            "time": "2023-10-02T13:59:23+00:00"
        }
    ],
    "packages-dev": [
        {
            "name": "adyen/php-webhook-module",
            "version": "0.8.0",
            "source": {
                "type": "git",
                "url": "https://github.com/Adyen/php-webhook-module.git",
                "reference": "4d84b4500a75b1240c08d57c86636718ec4e470e"
            },
            "dist": {
                "type": "zip",
                "url": "https://api.github.com/repos/Adyen/php-webhook-module/zipball/4d84b4500a75b1240c08d57c86636718ec4e470e",
                "reference": "4d84b4500a75b1240c08d57c86636718ec4e470e",
                "shasum": ""
            },
            "require-dev": {
                "phpunit/phpunit": "^9.5.0",
                "squizlabs/php_codesniffer": "^3.5"
            },
            "type": "library",
            "autoload": {
                "psr-4": {
                    "Adyen\\Webhook\\": "src/"
                }
            },
            "notification-url": "https://packagist.org/downloads/",
            "license": [
                "MIT"
            ],
            "authors": [
                {
                    "name": "Adyen"
                }
            ],
            "description": "Webhook module for Adyen Payment Integrations",
            "support": {
                "issues": "https://github.com/Adyen/php-webhook-module/issues",
                "source": "https://github.com/Adyen/php-webhook-module/tree/0.8.0"
            },
            "time": "2023-08-15T14:02:55+00:00"
        }
    ],
    "aliases": [],
    "minimum-stability": "stable",
    "stability-flags": [],
    "prefer-stable": false,
    "prefer-lowest": false,
    "platform": [],
    "platform-dev": [],
    "plugin-api-version": "2.6.0"
}
